
Microsoft Visual Studio Solution File, Format Version 12.00
# Visual Studio Version 16
VisualStudioVersion = 16.0.31005.135
MinimumVisualStudioVersion = 10.0.40219.1
Project("{FAE04EC0-301F-11D3-BF4B-00C04F79EFBC}") = "ConsoleControl", "ConsoleControl\ConsoleControl.csproj", "{EB53A467-1CF3-4265-BC73-88902D8F39B3}"
EndProject
Global
	GlobalSection(SolutionConfigurationPlatforms) = preSolution
		Debug|Any CPU = Debug|Any CPU
		Release|Any CPU = Release|Any CPU
	EndGlobalSection
	GlobalSection(ProjectConfigurationPlatforms) = postSolution
		{EB53A467-1CF3-4265-BC73-88902D8F39B3}.Debug|Any CPU.ActiveCfg = Debug|Any CPU
		{EB53A467-1CF3-4265-BC73-88902D8F39B3}.Debug|Any CPU.Build.0 = Debug|Any CPU
		{EB53A467-1CF3-4265-BC73-88902D8F39B3}.Release|Any CPU.ActiveCfg = Release|Any CPU
		{EB53A467-1CF3-4265-BC73-88902D8F39B3}.Release|Any CPU.Build.0 = Release|Any CPU
	EndGlobalSection
	GlobalSection(SolutionProperties) = preSolution
		HideSolutionNode = FALSE
	EndGlobalSection
	GlobalSection(ExtensibilityGlobals) = postSolution
		SolutionGuid = {BF118B9E-F9FF-45CB-BDFE-DF3BB77564AF}
	EndGlobalSection
EndGlobal
